// !$*UTF8*$!
{
	archiveVersion = 1;
	classes = {
	};
	objectVersion = 50;
	objects = {

/* Begin PBXBuildFile section */
		EC2B3CFE217FDEA50084FFFB /* interface.c in Sources */ = {isa = PBXBuildFile; fileRef = EC2B3CFC217FDEA50084FFFB /* interface.c */; };
		EC2B3D0A217FDF170084FFFB /* sudoku.c in Sources */ = {isa = PBXBuildFile; fileRef = EC2B3D09217FDF170084FFFB /* sudoku.c */; };
		EC2B3D13217FEB930084FFFB /* interfaceWH.c in Sources */ = {isa = PBXBuildFile; fileRef = EC2B3D12217FEB930084FFFB /* interfaceWH.c */; };
		EC2B3D1821809C190084FFFB /* interfaceS.c in Sources */ = {isa = PBXBuildFile; fileRef = EC2B3D1721809C190084FFFB /* interfaceS.c */; };
		EC581DB921780A5900B6F697 /* main.c in Sources */ = {isa = PBXBuildFile; fileRef = EC581DB821780A5900B6F697 /* main.c */; };
		EC581DC921780B0200B6F697 /* wordHunt.c in Sources */ = {isa = PBXBuildFile; fileRef = EC581DC721780B0200B6F697 /* wordHunt.c */; };
		EC581DCE21780B0700B6F697 /* logger.c in Sources */ = {isa = PBXBuildFile; fileRef = EC581DCC21780B0700B6F697 /* logger.c */; };
		EC581DCF21780B0700B6F697 /* fileReader.c in Sources */ = {isa = PBXBuildFile; fileRef = EC581DCD21780B0700B6F697 /* fileReader.c */; };
/* End PBXBuildFile section */

/* Begin PBXCopyFilesBuildPhase section */
		EC581DB321780A5900B6F697 /* CopyFiles */ = {
			isa = PBXCopyFilesBuildPhase;
			buildActionMask = 2147483647;
			dstPath = /usr/share/man/man1/;
			dstSubfolderSpec = 0;
			files = (
			);
			runOnlyForDeploymentPostprocessing = 1;
		};
/* End PBXCopyFilesBuildPhase section */

/* Begin PBXFileReference section */
		EC2B3CFC217FDEA50084FFFB /* interface.c */ = {isa = PBXFileReference; fileEncoding = 4; lastKnownFileType = sourcecode.c.c; path = interface.c; sourceTree = "<group>"; };
		EC2B3CFD217FDEA50084FFFB /* interface.h */ = {isa = PBXFileReference; fileEncoding = 4; lastKnownFileType = sourcecode.c.h; path = interface.h; sourceTree = "<group>"; };
		EC2B3D07217FDF170084FFFB /* sudoku.h */ = {isa = PBXFileReference; fileEncoding = 4; lastKnownFileType = sourcecode.c.h; path = sudoku.h; sourceTree = "<group>"; };
		EC2B3D09217FDF170084FFFB /* sudoku.c */ = {isa = PBXFileReference; fileEncoding = 4; lastKnownFileType = sourcecode.c.c; path = sudoku.c; sourceTree = "<group>"; };
		EC2B3D11217FEB930084FFFB /* interfaceWH.h */ = {isa = PBXFileReference; lastKnownFileType = sourcecode.c.h; path = interfaceWH.h; sourceTree = "<group>"; };
		EC2B3D12217FEB930084FFFB /* interfaceWH.c */ = {isa = PBXFileReference; lastKnownFileType = sourcecode.c.c; path = interfaceWH.c; sourceTree = "<group>"; };
		EC2B3D14217FEEAD0084FFFB /* original.txt */ = {isa = PBXFileReference; lastKnownFileType = text; path = original.txt; sourceTree = "<group>"; };
		EC2B3D15217FFD780084FFFB /* teste.txt */ = {isa = PBXFileReference; lastKnownFileType = text; path = teste.txt; sourceTree = "<group>"; };
		EC2B3D1621809C190084FFFB /* interfaceS.h */ = {isa = PBXFileReference; lastKnownFileType = sourcecode.c.h; path = interfaceS.h; sourceTree = "<group>"; };
		EC2B3D1721809C190084FFFB /* interfaceS.c */ = {isa = PBXFileReference; lastKnownFileType = sourcecode.c.c; path = interfaceS.c; sourceTree = "<group>"; };
		EC581DB521780A5900B6F697 /* backtracking */ = {isa = PBXFileReference; explicitFileType = "compiled.mach-o.executable"; includeInIndex = 0; path = backtracking; sourceTree = BUILT_PRODUCTS_DIR; };
		EC581DB821780A5900B6F697 /* main.c */ = {isa = PBXFileReference; lastKnownFileType = sourcecode.c.c; path = main.c; sourceTree = "<group>"; };
		EC581DC121780A8D00B6F697 /* palavras.txt */ = {isa = PBXFileReference; fileEncoding = 4; lastKnownFileType = text; path = palavras.txt; sourceTree = "<group>"; };
		EC581DC721780B0200B6F697 /* wordHunt.c */ = {isa = PBXFileReference; fileEncoding = 4; lastKnownFileType = sourcecode.c.c; path = wordHunt.c; sourceTree = "<group>"; };
		EC581DC821780B0200B6F697 /* wordHunt.h */ = {isa = PBXFileReference; fileEncoding = 4; lastKnownFileType = sourcecode.c.h; path = wordHunt.h; sourceTree = "<group>"; };
		EC581DCA21780B0700B6F697 /* logger.h */ = {isa = PBXFileReference; fileEncoding = 4; lastKnownFileType = sourcecode.c.h; path = logger.h; sourceTree = "<group>"; };
		EC581DCB21780B0700B6F697 /* fileReader.h */ = {isa = PBXFileReference; fileEncoding = 4; lastKnownFileType = sourcecode.c.h; path = fileReader.h; sourceTree = "<group>"; };
		EC581DCC21780B0700B6F697 /* logger.c */ = {isa = PBXFileReference; fileEncoding = 4; lastKnownFileType = sourcecode.c.c; path = logger.c; sourceTree = "<group>"; };
		EC581DCD21780B0700B6F697 /* fileReader.c */ = {isa = PBXFileReference; fileEncoding = 4; lastKnownFileType = sourcecode.c.c; path = fileReader.c; sourceTree = "<group>"; };
/* End PBXFileReference section */

/* Begin PBXFrameworksBuildPhase section */
		EC581DB221780A5900B6F697 /* Frameworks */ = {
			isa = PBXFrameworksBuildPhase;
			buildActionMask = 2147483647;
			files = (
			);
			runOnlyForDeploymentPostprocessing = 0;
		};
/* End PBXFrameworksBuildPhase section */

/* Begin PBXGroup section */
		EC2B3D06217FDF170084FFFB /* sudoku */ = {
			isa = PBXGroup;
			children = (
				EC2B3D07217FDF170084FFFB /* sudoku.h */,
				EC2B3D09217FDF170084FFFB /* sudoku.c */,
				EC2B3D1621809C190084FFFB /* interfaceS.h */,
				EC2B3D1721809C190084FFFB /* interfaceS.c */,
			);
			path = sudoku;
			sourceTree = "<group>";
		};
		EC581DAC21780A5900B6F697 = {
			isa = PBXGroup;
			children = (
				EC581DB721780A5900B6F697 /* backtracking */,
				EC581DB621780A5900B6F697 /* Products */,
			);
			sourceTree = "<group>";
		};
		EC581DB621780A5900B6F697 /* Products */ = {
			isa = PBXGroup;
			children = (
				EC581DB521780A5900B6F697 /* backtracking */,
			);
			name = Products;
			sourceTree = "<group>";
		};
		EC581DB721780A5900B6F697 /* backtracking */ = {
			isa = PBXGroup;
			children = (
				EC2B3D06217FDF170084FFFB /* sudoku */,
				EC581DC621780AE300B6F697 /* wordHunt */,
				EC581DC521780ADE00B6F697 /* util */,
				EC581DC121780A8D00B6F697 /* palavras.txt */,
				EC581DB821780A5900B6F697 /* main.c */,
				EC2B3D14217FEEAD0084FFFB /* original.txt */,
				EC2B3D15217FFD780084FFFB /* teste.txt */,
			);
			path = backtracking;
			sourceTree = "<group>";
		};
		EC581DC521780ADE00B6F697 /* util */ = {
			isa = PBXGroup;
			children = (
				EC2B3CFC217FDEA50084FFFB /* interface.c */,
				EC2B3CFD217FDEA50084FFFB /* interface.h */,
				EC581DCD21780B0700B6F697 /* fileReader.c */,
				EC581DCB21780B0700B6F697 /* fileReader.h */,
				EC581DCC21780B0700B6F697 /* logger.c */,
				EC581DCA21780B0700B6F697 /* logger.h */,
			);
			path = util;
			sourceTree = "<group>";
		};
		EC581DC621780AE300B6F697 /* wordHunt */ = {
			isa = PBXGroup;
			children = (
				EC581DC721780B0200B6F697 /* wordHunt.c */,
				EC581DC821780B0200B6F697 /* wordHunt.h */,
				EC2B3D11217FEB930084FFFB /* interfaceWH.h */,
				EC2B3D12217FEB930084FFFB /* interfaceWH.c */,
			);
			path = wordHunt;
			sourceTree = "<group>";
		};
/* End PBXGroup section */

/* Begin PBXNativeTarget section */
		EC581DB421780A5900B6F697 /* backtracking */ = {
			isa = PBXNativeTarget;
			buildConfigurationList = EC581DBC21780A5900B6F697 /* Build configuration list for PBXNativeTarget "backtracking" */;
			buildPhases = (
				EC581DB121780A5900B6F697 /* Sources */,
				EC581DB221780A5900B6F697 /* Frameworks */,
				EC581DB321780A5900B6F697 /* CopyFiles */,
			);
			buildRules = (
			);
			dependencies = (
			);
			name = backtracking;
			productName = backtracking;
			productReference = EC581DB521780A5900B6F697 /* backtracking */;
			productType = "com.apple.product-type.tool";
		};
/* End PBXNativeTarget section */

/* Begin PBXProject section */
		EC581DAD21780A5900B6F697 /* Project object */ = {
			isa = PBXProject;
			attributes = {
				LastUpgradeCheck = 1000;
				ORGANIZATIONNAME = "UFV Florestal";
				TargetAttributes = {
					EC581DB421780A5900B6F697 = {
						CreatedOnToolsVersion = 10.0;
					};
				};
			};
			buildConfigurationList = EC581DB021780A5900B6F697 /* Build configuration list for PBXProject "backtracking" */;
			compatibilityVersion = "Xcode 9.3";
			developmentRegion = en;
			hasScannedForEncodings = 0;
			knownRegions = (
				en,
			);
			mainGroup = EC581DAC21780A5900B6F697;
			productRefGroup = EC581DB621780A5900B6F697 /* Products */;
			projectDirPath = "";
			projectRoot = "";
			targets = (
				EC581DB421780A5900B6F697 /* backtracking */,
			);
		};
/* End PBXProject section */

/* Begin PBXSourcesBuildPhase section */
		EC581DB121780A5900B6F697 /* Sources */ = {
			isa = PBXSourcesBuildPhase;
			buildActionMask = 2147483647;
			files = (
				EC2B3D0A217FDF170084FFFB /* sudoku.c in Sources */,
				EC2B3D1821809C190084FFFB /* interfaceS.c in Sources */,
				EC2B3CFE217FDEA50084FFFB /* interface.c in Sources */,
				EC581DCF21780B0700B6F697 /* fileReader.c in Sources */,
				EC581DC921780B0200B6F697 /* wordHunt.c in Sources */,
				EC581DCE21780B0700B6F697 /* logger.c in Sources */,
				EC2B3D13217FEB930084FFFB /* interfaceWH.c in Sources */,
				EC581DB921780A5900B6F697 /* main.c in Sources */,
			);
			runOnlyForDeploymentPostprocessing = 0;
		};
/* End PBXSourcesBuildPhase section */

/* Begin XCBuildConfiguration section */
		EC581DBA21780A5900B6F697 /* Debug */ = {
			isa = XCBuildConfiguration;
			buildSettings = {
				ALWAYS_SEARCH_USER_PATHS = NO;
				CLANG_ANALYZER_NONNULL = YES;
				CLANG_ANALYZER_NUMBER_OBJECT_CONVERSION = YES_AGGRESSIVE;
				CLANG_CXX_LANGUAGE_STANDARD = "gnu++14";
				CLANG_CXX_LIBRARY = "libc++";
				CLANG_ENABLE_MODULES = YES;
				CLANG_ENABLE_OBJC_ARC = YES;
				CLANG_ENABLE_OBJC_WEAK = YES;
				CLANG_WARN_BLOCK_CAPTURE_AUTORELEASING = YES;
				CLANG_WARN_BOOL_CONVERSION = YES;
				CLANG_WARN_COMMA = YES;
				CLANG_WARN_CONSTANT_CONVERSION = YES;
				CLANG_WARN_DEPRECATED_OBJC_IMPLEMENTATIONS = YES;
				CLANG_WARN_DIRECT_OBJC_ISA_USAGE = YES_ERROR;
				CLANG_WARN_DOCUMENTATION_COMMENTS = YES;
				CLANG_WARN_EMPTY_BODY = YES;
				CLANG_WARN_ENUM_CONVERSION = YES;
				CLANG_WARN_INFINITE_RECURSION = YES;
				CLANG_WARN_INT_CONVERSION = YES;
				CLANG_WARN_NON_LITERAL_NULL_CONVERSION = YES;
				CLANG_WARN_OBJC_IMPLICIT_RETAIN_SELF = YES;
				CLANG_WARN_OBJC_LITERAL_CONVERSION = YES;
				CLANG_WARN_OBJC_ROOT_CLASS = YES_ERROR;
				CLANG_WARN_RANGE_LOOP_ANALYSIS = YES;
				CLANG_WARN_STRICT_PROTOTYPES = YES;
				CLANG_WARN_SUSPICIOUS_MOVE = YES;
				CLANG_WARN_UNGUARDED_AVAILABILITY = YES_AGGRESSIVE;
				CLANG_WARN_UNREACHABLE_CODE = YES;
				CLANG_WARN__DUPLICATE_METHOD_MATCH = YES;
				CODE_SIGN_IDENTITY = "-";
				COPY_PHASE_STRIP = NO;
				DEBUG_INFORMATION_FORMAT = dwarf;
				ENABLE_STRICT_OBJC_MSGSEND = YES;
				ENABLE_TESTABILITY = YES;
				GCC_C_LANGUAGE_STANDARD = gnu11;
				GCC_DYNAMIC_NO_PIC = NO;
				GCC_NO_COMMON_BLOCKS = YES;
				GCC_OPTIMIZATION_LEVEL = 0;
				GCC_PREPROCESSOR_DEFINITIONS = (
					"DEBUG=1",
					"$(inherited)",
				);
				GCC_WARN_64_TO_32_BIT_CONVERSION = YES;
				GCC_WARN_ABOUT_RETURN_TYPE = YES_ERROR;
				GCC_WARN_UNDECLARED_SELECTOR = YES;
				GCC_WARN_UNINITIALIZED_AUTOS = YES_AGGRESSIVE;
				GCC_WARN_UNUSED_FUNCTION = YES;
				GCC_WARN_UNUSED_VARIABLE = YES;
				MACOSX_DEPLOYMENT_TARGET = 10.13;
				MTL_ENABLE_DEBUG_INFO = INCLUDE_SOURCE;
				MTL_FAST_MATH = YES;
				ONLY_ACTIVE_ARCH = YES;
				SDKROOT = macosx;
			};
			name = Debug;
		};
		EC581DBB21780A5900B6F697 /* Release */ = {
			isa = XCBuildConfiguration;
			buildSettings = {
				ALWAYS_SEARCH_USER_PATHS = NO;
				CLANG_ANALYZER_NONNULL = YES;
				CLANG_ANALYZER_NUMBER_OBJECT_CONVERSION = YES_AGGRESSIVE;
				CLANG_CXX_LANGUAGE_STANDARD = "gnu++14";
				CLANG_CXX_LIBRARY = "libc++";
				CLANG_ENABLE_MODULES = YES;
				CLANG_ENABLE_OBJC_ARC = YES;
				CLANG_ENABLE_OBJC_WEAK = YES;
				CLANG_WARN_BLOCK_CAPTURE_AUTORELEASING = YES;
				CLANG_WARN_BOOL_CONVERSION = YES;
				CLANG_WARN_COMMA = YES;
				CLANG_WARN_CONSTANT_CONVERSION = YES;
				CLANG_WARN_DEPRECATED_OBJC_IMPLEMENTATIONS = YES;
				CLANG_WARN_DIRECT_OBJC_ISA_USAGE = YES_ERROR;
				CLANG_WARN_DOCUMENTATION_COMMENTS = YES;
				CLANG_WARN_EMPTY_BODY = YES;
				CLANG_WARN_ENUM_CONVERSION = YES;
				CLANG_WARN_INFINITE_RECURSION = YES;
				CLANG_WARN_INT_CONVERSION = YES;
				CLANG_WARN_NON_LITERAL_NULL_CONVERSION = YES;
				CLANG_WARN_OBJC_IMPLICIT_RETAIN_SELF = YES;
				CLANG_WARN_OBJC_LITERAL_CONVERSION = YES;
				CLANG_WARN_OBJC_ROOT_CLASS = YES_ERROR;
				CLANG_WARN_RANGE_LOOP_ANALYSIS = YES;
				CLANG_WARN_STRICT_PROTOTYPES = YES;
				CLANG_WARN_SUSPICIOUS_MOVE = YES;
				CLANG_WARN_UNGUARDED_AVAILABILITY = YES_AGGRESSIVE;
				CLANG_WARN_UNREACHABLE_CODE = YES;
				CLANG_WARN__DUPLICATE_METHOD_MATCH = YES;
				CODE_SIGN_IDENTITY = "-";
				COPY_PHASE_STRIP = NO;
				DEBUG_INFORMATION_FORMAT = "dwarf-with-dsym";
				ENABLE_NS_ASSERTIONS = NO;
				ENABLE_STRICT_OBJC_MSGSEND = YES;
				GCC_C_LANGUAGE_STANDARD = gnu11;
				GCC_NO_COMMON_BLOCKS = YES;
				GCC_WARN_64_TO_32_BIT_CONVERSION = YES;
				GCC_WARN_ABOUT_RETURN_TYPE = YES_ERROR;
				GCC_WARN_UNDECLARED_SELECTOR = YES;
				GCC_WARN_UNINITIALIZED_AUTOS = YES_AGGRESSIVE;
				GCC_WARN_UNUSED_FUNCTION = YES;
				GCC_WARN_UNUSED_VARIABLE = YES;
				MACOSX_DEPLOYMENT_TARGET = 10.13;
				MTL_ENABLE_DEBUG_INFO = NO;
				MTL_FAST_MATH = YES;
				SDKROOT = macosx;
			};
			name = Release;
		};
		EC581DBD21780A5900B6F697 /* Debug */ = {
			isa = XCBuildConfiguration;
			buildSettings = {
				CODE_SIGN_STYLE = Automatic;
				PRODUCT_NAME = "$(TARGET_NAME)";
			};
			name = Debug;
		};
		EC581DBE21780A5900B6F697 /* Release */ = {
			isa = XCBuildConfiguration;
			buildSettings = {
				CODE_SIGN_STYLE = Automatic;
				PRODUCT_NAME = "$(TARGET_NAME)";
			};
			name = Release;
		};
/* End XCBuildConfiguration section */

/* Begin XCConfigurationList section */
		EC581DB021780A5900B6F697 /* Build configuration list for PBXProject "backtracking" */ = {
			isa = XCConfigurationList;
			buildConfigurations = (
				EC581DBA21780A5900B6F697 /* Debug */,
				EC581DBB21780A5900B6F697 /* Release */,
			);
			defaultConfigurationIsVisible = 0;
			defaultConfigurationName = Release;
		};
		EC581DBC21780A5900B6F697 /* Build configuration list for PBXNativeTarget "backtracking" */ = {
			isa = XCConfigurationList;
			buildConfigurations = (
				EC581DBD21780A5900B6F697 /* Debug */,
				EC581DBE21780A5900B6F697 /* Release */,
			);
			defaultConfigurationIsVisible = 0;
			defaultConfigurationName = Release;
		};
/* End XCConfigurationList section */
	};
	rootObject = EC581DAD21780A5900B6F697 /* Project object */;
}
